
Microsoft Visual Studio Solution File, Format Version 12.00
# Visual Studio Version 17
VisualStudioVersion = 17.3.32901.215
MinimumVisualStudioVersion = 10.0.40219.1
Project("{9A19103F-16F7-4668-BE54-9A1E7A4F7556}") = "code translator", "code translator.csproj", "{AF70D3F4-95F8-4CF9-ABF4-43A1CBEB75BD}"
EndProject
Project("{FAE04EC0-301F-11D3-BF4B-00C04F79EFBC}") = "UnitTest", "UnitTest\UnitTest.csproj", "{317A25E2-22D6-47F3-99BD-44513A39D5CD}"
EndProject
Global
	GlobalSection(SolutionConfigurationPlatforms) = preSolution
		Debug|Any CPU = Debug|Any CPU
		Release|Any CPU = Release|Any CPU
	EndGlobalSection
	GlobalSection(ProjectConfigurationPlatforms) = postSolution
		{AF70D3F4-95F8-4CF9-ABF4-43A1CBEB75BD}.Debug|Any CPU.ActiveCfg = Debug|Any CPU
		{AF70D3F4-95F8-4CF9-ABF4-43A1CBEB75BD}.Debug|Any CPU.Build.0 = Debug|Any CPU
		{AF70D3F4-95F8-4CF9-ABF4-43A1CBEB75BD}.Release|Any CPU.ActiveCfg = Release|Any CPU
		{AF70D3F4-95F8-4CF9-ABF4-43A1CBEB75BD}.Release|Any CPU.Build.0 = Release|Any CPU
		{317A25E2-22D6-47F3-99BD-44513A39D5CD}.Debug|Any CPU.ActiveCfg = Debug|Any CPU
		{317A25E2-22D6-47F3-99BD-44513A39D5CD}.Debug|Any CPU.Build.0 = Debug|Any CPU
		{317A25E2-22D6-47F3-99BD-44513A39D5CD}.Release|Any CPU.ActiveCfg = Release|Any CPU
		{317A25E2-22D6-47F3-99BD-44513A39D5CD}.Release|Any CPU.Build.0 = Release|Any CPU
	EndGlobalSection
	GlobalSection(SolutionProperties) = preSolution
		HideSolutionNode = FALSE
	EndGlobalSection
	GlobalSection(ExtensibilityGlobals) = postSolution
		SolutionGuid = {0025E001-9138-4325-9039-6BD369CCC84E}
	EndGlobalSection
EndGlobal
